
Microsoft Visual Studio Solution File, Format Version 12.00
# Visual Studio 2012
Project("{FAE04EC0-301F-11D3-BF4B-00C04F79EFBC}") = "Redslide.HttpLib", "Redslide.httplib\Redslide.HttpLib.csproj", "{733BB7C1-3F44-4F4F-B2A9-B5AF6B2EE859}"
EndProject
Project("{2150E333-8FDC-42A3-9474-1A3956D46DE8}") = "Solution Items", "Solution Items", "{6A9135A8-90B7-4F74-970C-0DAE7D35AAD0}"
	ProjectSection(SolutionItems) = preProject
		Local.testsettings = Local.testsettings
		Redslide.httplib.vsmdi = Redslide.httplib.vsmdi
		TraceAndTestImpact.testsettings = TraceAndTestImpact.testsettings
	EndProjectSection
EndProject
Project("{FAE04EC0-301F-11D3-BF4B-00C04F79EFBC}") = "Redslide.HttpLib.Tests", "Redslide.HttpLib.Tests\Redslide.HttpLib.Tests.csproj", "{322856CF-2375-452C-8A29-5607AE9CDB70}"
EndProject
Project("{FAE04EC0-301F-11D3-BF4B-00C04F79EFBC}") = "Redslide.HttpLib.WinRT", "Redslide.HttpLib.WinRT\Redslide.HttpLib.WinRT.csproj", "{548C2E78-4A1D-4716-9987-D8FC3CA32955}"
EndProject
Global
	GlobalSection(TeamFoundationVersionControl) = preSolution
		SccNumberOfProjects = 4
		SccEnterpriseProvider = {4CA58AB2-18FA-4F8D-95D4-32DDF27D184C}
		SccTeamFoundationServer = https://tfs.codeplex.com/tfs/tfs18
		SccLocalPath0 = .
		SccProjectUniqueName1 = Redslide.httplib\\Redslide.HttpLib.csproj
		SccProjectName1 = Redslide.HttpLib
		SccLocalPath1 = Redslide.HttpLib
		SccProjectUniqueName2 = Redslide.HttpLib.Tests\\Redslide.HttpLib.Tests.csproj
		SccProjectName2 = Redslide.HttpLib.Tests
		SccLocalPath2 = Redslide.HttpLib.Tests
		SccProjectUniqueName3 = Redslide.HttpLib.WinRT\\Redslide.HttpLib.WinRT.csproj
		SccProjectName3 = Redslide.HttpLib.WinRT
		SccLocalPath3 = Redslide.HttpLib.WinRT
	EndGlobalSection
	GlobalSection(TestCaseManagementSettings) = postSolution
		CategoryFile = Redslide.httplib.vsmdi
	EndGlobalSection
	GlobalSection(SolutionConfigurationPlatforms) = preSolution
		Debug|Any CPU = Debug|Any CPU
		Debug|ARM = Debug|ARM
		Debug|Mixed Platforms = Debug|Mixed Platforms
		Debug|x64 = Debug|x64
		Debug|x86 = Debug|x86
		Release|Any CPU = Release|Any CPU
		Release|ARM = Release|ARM
		Release|Mixed Platforms = Release|Mixed Platforms
		Release|x64 = Release|x64
		Release|x86 = Release|x86
	EndGlobalSection
	GlobalSection(ProjectConfigurationPlatforms) = postSolution
		{733BB7C1-3F44-4F4F-B2A9-B5AF6B2EE859}.Debug|Any CPU.ActiveCfg = Debug|Any CPU
		{733BB7C1-3F44-4F4F-B2A9-B5AF6B2EE859}.Debug|Any CPU.Build.0 = Debug|Any CPU
		{733BB7C1-3F44-4F4F-B2A9-B5AF6B2EE859}.Debug|ARM.ActiveCfg = Debug|Any CPU
		{733BB7C1-3F44-4F4F-B2A9-B5AF6B2EE859}.Debug|Mixed Platforms.ActiveCfg = Debug|Any CPU
		{733BB7C1-3F44-4F4F-B2A9-B5AF6B2EE859}.Debug|Mixed Platforms.Build.0 = Debug|Any CPU
		{733BB7C1-3F44-4F4F-B2A9-B5AF6B2EE859}.Debug|x64.ActiveCfg = Debug|Any CPU
		{733BB7C1-3F44-4F4F-B2A9-B5AF6B2EE859}.Debug|x86.ActiveCfg = Debug|Any CPU
		{733BB7C1-3F44-4F4F-B2A9-B5AF6B2EE859}.Release|Any CPU.ActiveCfg = Release|Any CPU
		{733BB7C1-3F44-4F4F-B2A9-B5AF6B2EE859}.Release|Any CPU.Build.0 = Release|Any CPU
		{733BB7C1-3F44-4F4F-B2A9-B5AF6B2EE859}.Release|ARM.ActiveCfg = Release|Any CPU
		{733BB7C1-3F44-4F4F-B2A9-B5AF6B2EE859}.Release|Mixed Platforms.ActiveCfg = Release|Any CPU
		{733BB7C1-3F44-4F4F-B2A9-B5AF6B2EE859}.Release|Mixed Platforms.Build.0 = Release|Any CPU
		{733BB7C1-3F44-4F4F-B2A9-B5AF6B2EE859}.Release|x64.ActiveCfg = Release|Any CPU
		{733BB7C1-3F44-4F4F-B2A9-B5AF6B2EE859}.Release|x86.ActiveCfg = Release|Any CPU
		{322856CF-2375-452C-8A29-5607AE9CDB70}.Debug|Any CPU.ActiveCfg = Debug|Any CPU
		{322856CF-2375-452C-8A29-5607AE9CDB70}.Debug|Any CPU.Build.0 = Debug|Any CPU
		{322856CF-2375-452C-8A29-5607AE9CDB70}.Debug|ARM.ActiveCfg = Debug|Any CPU
		{322856CF-2375-452C-8A29-5607AE9CDB70}.Debug|Mixed Platforms.ActiveCfg = Debug|Any CPU
		{322856CF-2375-452C-8A29-5607AE9CDB70}.Debug|Mixed Platforms.Build.0 = Debug|Any CPU
		{322856CF-2375-452C-8A29-5607AE9CDB70}.Debug|x64.ActiveCfg = Debug|Any CPU
		{322856CF-2375-452C-8A29-5607AE9CDB70}.Debug|x86.ActiveCfg = Debug|Any CPU
		{322856CF-2375-452C-8A29-5607AE9CDB70}.Release|Any CPU.ActiveCfg = Release|Any CPU
		{322856CF-2375-452C-8A29-5607AE9CDB70}.Release|Any CPU.Build.0 = Release|Any CPU
		{322856CF-2375-452C-8A29-5607AE9CDB70}.Release|ARM.ActiveCfg = Release|Any CPU
		{322856CF-2375-452C-8A29-5607AE9CDB70}.Release|Mixed Platforms.ActiveCfg = Release|Any CPU
		{322856CF-2375-452C-8A29-5607AE9CDB70}.Release|Mixed Platforms.Build.0 = Release|Any CPU
		{322856CF-2375-452C-8A29-5607AE9CDB70}.Release|x64.ActiveCfg = Release|Any CPU
		{322856CF-2375-452C-8A29-5607AE9CDB70}.Release|x86.ActiveCfg = Release|Any CPU
		{548C2E78-4A1D-4716-9987-D8FC3CA32955}.Debug|Any CPU.ActiveCfg = Debug|Any CPU
		{548C2E78-4A1D-4716-9987-D8FC3CA32955}.Debug|Any CPU.Build.0 = Debug|Any CPU
		{548C2E78-4A1D-4716-9987-D8FC3CA32955}.Debug|ARM.ActiveCfg = Debug|ARM
		{548C2E78-4A1D-4716-9987-D8FC3CA32955}.Debug|ARM.Build.0 = Debug|ARM
		{548C2E78-4A1D-4716-9987-D8FC3CA32955}.Debug|Mixed Platforms.ActiveCfg = Debug|Any CPU
		{548C2E78-4A1D-4716-9987-D8FC3CA32955}.Debug|Mixed Platforms.Build.0 = Debug|Any CPU
		{548C2E78-4A1D-4716-9987-D8FC3CA32955}.Debug|x64.ActiveCfg = Debug|x64
		{548C2E78-4A1D-4716-9987-D8FC3CA32955}.Debug|x64.Build.0 = Debug|x64
		{548C2E78-4A1D-4716-9987-D8FC3CA32955}.Debug|x86.ActiveCfg = Debug|x86
		{548C2E78-4A1D-4716-9987-D8FC3CA32955}.Debug|x86.Build.0 = Debug|x86
		{548C2E78-4A1D-4716-9987-D8FC3CA32955}.Release|Any CPU.ActiveCfg = Release|Any CPU
		{548C2E78-4A1D-4716-9987-D8FC3CA32955}.Release|Any CPU.Build.0 = Release|Any CPU
		{548C2E78-4A1D-4716-9987-D8FC3CA32955}.Release|ARM.ActiveCfg = Release|ARM
		{548C2E78-4A1D-4716-9987-D8FC3CA32955}.Release|ARM.Build.0 = Release|ARM
		{548C2E78-4A1D-4716-9987-D8FC3CA32955}.Release|Mixed Platforms.ActiveCfg = Release|x86
		{548C2E78-4A1D-4716-9987-D8FC3CA32955}.Release|Mixed Platforms.Build.0 = Release|x86
		{548C2E78-4A1D-4716-9987-D8FC3CA32955}.Release|x64.ActiveCfg = Release|x64
		{548C2E78-4A1D-4716-9987-D8FC3CA32955}.Release|x64.Build.0 = Release|x64
		{548C2E78-4A1D-4716-9987-D8FC3CA32955}.Release|x86.ActiveCfg = Release|x86
		{548C2E78-4A1D-4716-9987-D8FC3CA32955}.Release|x86.Build.0 = Release|x86
	EndGlobalSection
	GlobalSection(SolutionProperties) = preSolution
		HideSolutionNode = FALSE
	EndGlobalSection
EndGlobal
